
Microsoft Visual Studio Solution File, Format Version 12.00
# Visual Studio Version 16
VisualStudioVersion = 16.0.33027.164
MinimumVisualStudioVersion = 10.0.40219.1
Project("{9092AA53-FB77-4645-B42D-1CCCA6BD08BD}") = "Buffer_GranularSynthesis", "Buffer_GranularSynthesis.njsproj", "{CC2C55AE-A464-40A0-8C07-EB4C3BA35FEB}"
EndProject
Global
	GlobalSection(SolutionConfigurationPlatforms) = preSolution
		Debug|Any CPU = Debug|Any CPU
		Release|Any CPU = Release|Any CPU
	EndGlobalSection
	GlobalSection(ProjectConfigurationPlatforms) = postSolution
		{CC2C55AE-A464-40A0-8C07-EB4C3BA35FEB}.Debug|Any CPU.ActiveCfg = Debug|Any CPU
		{CC2C55AE-A464-40A0-8C07-EB4C3BA35FEB}.Debug|Any CPU.Build.0 = Debug|Any CPU
		{CC2C55AE-A464-40A0-8C07-EB4C3BA35FEB}.Release|Any CPU.ActiveCfg = Release|Any CPU
		{CC2C55AE-A464-40A0-8C07-EB4C3BA35FEB}.Release|Any CPU.Build.0 = Release|Any CPU
	EndGlobalSection
	GlobalSection(SolutionProperties) = preSolution
		HideSolutionNode = FALSE
	EndGlobalSection
	GlobalSection(ExtensibilityGlobals) = postSolution
		SolutionGuid = {FE58DB41-2E8A-4869-8848-4D20D9F2DBE5}
	EndGlobalSection
EndGlobal
